version = 1
revision = 2
requires-python = "==3.13.*"

[[package]]
name = "rfc8785"
version = "0.1.4"
source = { registry = "https://pypi.org/simple" }
sdist = { url = "https://files.pythonhosted.org/packages/ef/2f/fa1d2e740c490191b572d33dbca5daa180cb423c24396b856f5886371d8b/rfc8785-0.1.4.tar.gz", hash = "sha256:e545841329fe0eee4f6a3b44e7034343100c12b4ec566dc06ca9735681deb4da", size = 14321, upload-time = "2024-09-27T16:33:31.206Z" }
wheels = [
    { url = "https://files.pythonhosted.org/packages/4d/78/119878110660b2ad709888c8a1614fce7e2fab39080ab960656dc8605bf6/rfc8785-0.1.4-py3-none-any.whl", hash = "sha256:520d690b448ecf0703691c76e1a34a24ddcd4fc5bc41d589cb7c58ec651bcd48", size = 9240, upload-time = "2024-09-27T16:33:29.683Z" },
]

[[package]]
name = "vela-conformance"
version = "0.0.0"
source = { virtual = "." }
dependencies = [
    { name = "rfc8785" },
]

[package.metadata]
requires-dist = [{ name = "rfc8785", specifier = "==0.1.4" }]
