schema: vela.frontier_lock.v0.1
generated_at: 2026-06-29T21:57:10.981942+00:00
vela_version: 0.800.7
frontier_id: vfr_0a25edabc16db143
canonicalization:
  json: vela-canonical-json-v0.1
  yaml: vela-yaml-v0.1
reducer:
  package: vela@0.800.7
  digest: sha256:7d42d11846e65334ef15b1334309c8410aeb5e24aa45a655641dfa3691e945ac
verifiers:
  package: vela-verify@0.800.7
  digest: sha256:7fa580b0dba7c7b9a0f44f4752db623da4f373e04dcdfe2ab775bc2fb4857b6b
snapshot_hash: sha256:4eb1a15b889a93c031a0496781507e7797fe8d4828e984fe03236775c9ae7518
event_log_hash: sha256:044964c1f4b7d5d1a2a43270a300d9b88cf340d3571255aff93f98e328447d0d
proposal_state_hash: sha256:abf51b2a6613808cc6d2a5b0baa0f89614ea10ae450d0384aca84b852df71920
sources_hash: sha256:cd786a26b7e4ad047374953d7258cb54c4741709a27ff37b63392e3b07633762
artifacts_hash: sha256:007ee8d7de4cfbbf0ba501062b50ccef1f523a068a675649a6082caea29581c1
review_hash: sha256:bb74af13f787e6f1357d243a3ff50e8efea86aaa7bc83c5291ab04afd0533ace
proof_freshness: fresh
proof:
  latest: proof/latest.json
  digest: sha256:4c15d84884b529d7f1b46367d3add4e18256f1ff94329f0090789ff0a9cf8b07
  freshness: fresh
  events_manifest: proof/events.manifest.jsonl
  replay_trace: proof/replay.trace.jsonl
paths:
  frontier: frontier.json
  events: .vela/events/
